
Microsoft Visual Studio Solution File, Format Version 12.00
# Visual Studio 15
VisualStudioVersion = 15.0.27428.2002
MinimumVisualStudioVersion = 10.0.40219.1
Project("{FAE04EC0-301F-11D3-BF4B-00C04F79EFBC}") = "Server_AdventureGame_wpf", "Server_AdventureGame_wpf\Server_AdventureGame_wpf.csproj", "{FEBA1637-AC93-4FF8-B46E-6B96FA15AAC4}"
EndProject
Global
	GlobalSection(SolutionConfigurationPlatforms) = preSolution
		Debug|Any CPU = Debug|Any CPU
		Release|Any CPU = Release|Any CPU
	EndGlobalSection
	GlobalSection(ProjectConfigurationPlatforms) = postSolution
		{FEBA1637-AC93-4FF8-B46E-6B96FA15AAC4}.Debug|Any CPU.ActiveCfg = Debug|Any CPU
		{FEBA1637-AC93-4FF8-B46E-6B96FA15AAC4}.Debug|Any CPU.Build.0 = Debug|Any CPU
		{FEBA1637-AC93-4FF8-B46E-6B96FA15AAC4}.Release|Any CPU.ActiveCfg = Release|Any CPU
		{FEBA1637-AC93-4FF8-B46E-6B96FA15AAC4}.Release|Any CPU.Build.0 = Release|Any CPU
	EndGlobalSection
	GlobalSection(SolutionProperties) = preSolution
		HideSolutionNode = FALSE
	EndGlobalSection
	GlobalSection(ExtensibilityGlobals) = postSolution
		SolutionGuid = {C90398EE-3893-49C1-8928-1AA256E91738}
	EndGlobalSection
EndGlobal
